
Microsoft Visual Studio Solution File, Format Version 12.00
# Visual Studio 15
VisualStudioVersion = 15.0.28307.757
MinimumVisualStudioVersion = 10.0.40219.1
Project("{FAE04EC0-301F-11D3-BF4B-00C04F79EFBC}") = "AbbysAutomation", "AbbysAutomation\AbbysAutomation.csproj", "{D5D3A504-452D-4534-B778-D5F7B5831C68}"
EndProject
Global
	GlobalSection(SolutionConfigurationPlatforms) = preSolution
		Debug|Any CPU = Debug|Any CPU
		Release|Any CPU = Release|Any CPU
	EndGlobalSection
	GlobalSection(ProjectConfigurationPlatforms) = postSolution
		{D5D3A504-452D-4534-B778-D5F7B5831C68}.Debug|Any CPU.ActiveCfg = Debug|Any CPU
		{D5D3A504-452D-4534-B778-D5F7B5831C68}.Debug|Any CPU.Build.0 = Debug|Any CPU
		{D5D3A504-452D-4534-B778-D5F7B5831C68}.Release|Any CPU.ActiveCfg = Release|Any CPU
		{D5D3A504-452D-4534-B778-D5F7B5831C68}.Release|Any CPU.Build.0 = Release|Any CPU
	EndGlobalSection
	GlobalSection(SolutionProperties) = preSolution
		HideSolutionNode = FALSE
	EndGlobalSection
	GlobalSection(ExtensibilityGlobals) = postSolution
		SolutionGuid = {54381E9B-ED10-4B79-9338-83BC917E6DD1}
	EndGlobalSection
EndGlobal
